
Microsoft Visual Studio Solution File, Format Version 12.00
# Visual Studio Version 17
VisualStudioVersion = 17.10.35122.118
MinimumVisualStudioVersion = 10.0.40219.1
Project("{FAE04EC0-301F-11D3-BF4B-00C04F79EFBC}") = "primer proyecto de visual", "primer proyecto de visual.csproj", "{9589D362-B494-4346-BC7C-FFF4DA1F185C}"
EndProject
Global
	GlobalSection(SolutionConfigurationPlatforms) = preSolution
		Debug|Any CPU = Debug|Any CPU
		Release|Any CPU = Release|Any CPU
	EndGlobalSection
	GlobalSection(ProjectConfigurationPlatforms) = postSolution
		{9589D362-B494-4346-BC7C-FFF4DA1F185C}.Debug|Any CPU.ActiveCfg = Debug|Any CPU
		{9589D362-B494-4346-BC7C-FFF4DA1F185C}.Debug|Any CPU.Build.0 = Debug|Any CPU
		{9589D362-B494-4346-BC7C-FFF4DA1F185C}.Release|Any CPU.ActiveCfg = Release|Any CPU
		{9589D362-B494-4346-BC7C-FFF4DA1F185C}.Release|Any CPU.Build.0 = Release|Any CPU
	EndGlobalSection
	GlobalSection(SolutionProperties) = preSolution
		HideSolutionNode = FALSE
	EndGlobalSection
	GlobalSection(ExtensibilityGlobals) = postSolution
		SolutionGuid = {40190A8E-4BB1-4955-99D9-F624A0754323}
	EndGlobalSection
EndGlobal
